
Microsoft Visual Studio Solution File, Format Version 12.00
# Visual Studio Version 16
VisualStudioVersion = 16.0.30717.126
MinimumVisualStudioVersion = 10.0.40219.1
Project("{FAE04EC0-301F-11D3-BF4B-00C04F79EFBC}") = "MultiTenantDemo1", "MultiTenantDemo1\MultiTenantDemo1.csproj", "{B1E43185-2F00-4656-9B2A-6AE685A5B82E}"
EndProject
Global
	GlobalSection(SolutionConfigurationPlatforms) = preSolution
		Debug|Any CPU = Debug|Any CPU
		Release|Any CPU = Release|Any CPU
	EndGlobalSection
	GlobalSection(ProjectConfigurationPlatforms) = postSolution
		{B1E43185-2F00-4656-9B2A-6AE685A5B82E}.Debug|Any CPU.ActiveCfg = Debug|Any CPU
		{B1E43185-2F00-4656-9B2A-6AE685A5B82E}.Debug|Any CPU.Build.0 = Debug|Any CPU
		{B1E43185-2F00-4656-9B2A-6AE685A5B82E}.Release|Any CPU.ActiveCfg = Release|Any CPU
		{B1E43185-2F00-4656-9B2A-6AE685A5B82E}.Release|Any CPU.Build.0 = Release|Any CPU
	EndGlobalSection
	GlobalSection(SolutionProperties) = preSolution
		HideSolutionNode = FALSE
	EndGlobalSection
	GlobalSection(ExtensibilityGlobals) = postSolution
		SolutionGuid = {B3656A8E-3D24-4585-AC5C-C45C3DF2E3B7}
	EndGlobalSection
EndGlobal
