
Microsoft Visual Studio Solution File, Format Version 12.00
# Visual Studio Version 16
VisualStudioVersion = 16.0.30717.126
MinimumVisualStudioVersion = 10.0.40219.1
Project("{FAE04EC0-301F-11D3-BF4B-00C04F79EFBC}") = "MultiTenantDemo2", "MultiTenantDemo2\MultiTenantDemo2.csproj", "{51E5D74B-45B4-484C-AF26-C6696946AF67}"
EndProject
Global
	GlobalSection(SolutionConfigurationPlatforms) = preSolution
		Debug|Any CPU = Debug|Any CPU
		Release|Any CPU = Release|Any CPU
	EndGlobalSection
	GlobalSection(ProjectConfigurationPlatforms) = postSolution
		{51E5D74B-45B4-484C-AF26-C6696946AF67}.Debug|Any CPU.ActiveCfg = Debug|Any CPU
		{51E5D74B-45B4-484C-AF26-C6696946AF67}.Debug|Any CPU.Build.0 = Debug|Any CPU
		{51E5D74B-45B4-484C-AF26-C6696946AF67}.Release|Any CPU.ActiveCfg = Release|Any CPU
		{51E5D74B-45B4-484C-AF26-C6696946AF67}.Release|Any CPU.Build.0 = Release|Any CPU
	EndGlobalSection
	GlobalSection(SolutionProperties) = preSolution
		HideSolutionNode = FALSE
	EndGlobalSection
	GlobalSection(ExtensibilityGlobals) = postSolution
		SolutionGuid = {A0F8B342-097C-4EC2-A844-9FEF981553A4}
	EndGlobalSection
EndGlobal
